PODS:
  - Hoko (2.2)

DEPENDENCIES:
  - Hoko (from `https://github.com/hokolinks/hoko-ios`)

EXTERNAL SOURCES:
  Hoko:
    :git: https://github.com/hokolinks/hoko-ios

CHECKOUT OPTIONS:
  Hoko:
    :commit: 9fe2a6963e9981f0100f110416c0d5c1a4c591f4
    :git: https://github.com/hokolinks/hoko-ios

SPEC CHECKSUMS:
  Hoko: 26675349386e11bfa223487566ef06ce1c364d60

COCOAPODS: 0.38.2
